
Microsoft Visual Studio Solution File, Format Version 12.00
# Visual Studio Version 17
VisualStudioVersion = 17.9.34701.34
MinimumVisualStudioVersion = 10.0.40219.1
Project("{FAE04EC0-301F-11D3-BF4B-00C04F79EFBC}") = "ThirdLab", "ThirdLab\ThirdLab.csproj", "{3FE4C57C-3062-4536-9603-894EF9BCBDAB}"
EndProject
Global
	GlobalSection(SolutionConfigurationPlatforms) = preSolution
		Debug|Any CPU = Debug|Any CPU
		Release|Any CPU = Release|Any CPU
	EndGlobalSection
	GlobalSection(ProjectConfigurationPlatforms) = postSolution
		{3FE4C57C-3062-4536-9603-894EF9BCBDAB}.Debug|Any CPU.ActiveCfg = Debug|Any CPU
		{3FE4C57C-3062-4536-9603-894EF9BCBDAB}.Debug|Any CPU.Build.0 = Debug|Any CPU
		{3FE4C57C-3062-4536-9603-894EF9BCBDAB}.Release|Any CPU.ActiveCfg = Release|Any CPU
		{3FE4C57C-3062-4536-9603-894EF9BCBDAB}.Release|Any CPU.Build.0 = Release|Any CPU
	EndGlobalSection
	GlobalSection(SolutionProperties) = preSolution
		HideSolutionNode = FALSE
	EndGlobalSection
	GlobalSection(ExtensibilityGlobals) = postSolution
		SolutionGuid = {37E4D6C7-C4E3-4754-B2A2-442282BEB0D8}
	EndGlobalSection
EndGlobal
